
Microsoft Visual Studio Solution File, Format Version 12.00
# Visual Studio Version 17
VisualStudioVersion = 17.10.34902.84
MinimumVisualStudioVersion = 10.0.40219.1
Project("{FAE04EC0-301F-11D3-BF4B-00C04F79EFBC}") = "SOLID-principles", "SOLID-principles.csproj", "{FA353FD4-5F0F-40D7-8317-A2E14328D1C3}"
EndProject
Global
	GlobalSection(SolutionConfigurationPlatforms) = preSolution
		Debug|Any CPU = Debug|Any CPU
		Release|Any CPU = Release|Any CPU
	EndGlobalSection
	GlobalSection(ProjectConfigurationPlatforms) = postSolution
		{FA353FD4-5F0F-40D7-8317-A2E14328D1C3}.Debug|Any CPU.ActiveCfg = Debug|Any CPU
		{FA353FD4-5F0F-40D7-8317-A2E14328D1C3}.Debug|Any CPU.Build.0 = Debug|Any CPU
		{FA353FD4-5F0F-40D7-8317-A2E14328D1C3}.Release|Any CPU.ActiveCfg = Release|Any CPU
		{FA353FD4-5F0F-40D7-8317-A2E14328D1C3}.Release|Any CPU.Build.0 = Release|Any CPU
	EndGlobalSection
	GlobalSection(SolutionProperties) = preSolution
		HideSolutionNode = FALSE
	EndGlobalSection
	GlobalSection(ExtensibilityGlobals) = postSolution
		SolutionGuid = {D811400C-22CA-4F1C-94EB-56E7655CEC5F}
	EndGlobalSection
EndGlobal
